
Microsoft Visual Studio Solution File, Format Version 12.00
# Visual Studio Version 17
VisualStudioVersion = 17.12.35527.113 d17.12
MinimumVisualStudioVersion = 10.0.40219.1
Project("{FAE04EC0-301F-11D3-BF4B-00C04F79EFBC}") = "PortfolioAccountingApp", "PortfolioAccountingApp\PortfolioAccountingApp.csproj", "{649C9BEA-7ED4-48F1-A61D-C4BF94829369}"
EndProject
Project("{FAE04EC0-301F-11D3-BF4B-00C04F79EFBC}") = "PortfolioAccountingApp.Test", "PortfolioAccountingApp.Test\PortfolioAccountingApp.Test.csproj", "{1DAD68F3-5E00-4AF0-ADF6-662DB44B5707}"
EndProject
Global
	GlobalSection(SolutionConfigurationPlatforms) = preSolution
		Debug|Any CPU = Debug|Any CPU
		Release|Any CPU = Release|Any CPU
	EndGlobalSection
	GlobalSection(ProjectConfigurationPlatforms) = postSolution
		{649C9BEA-7ED4-48F1-A61D-C4BF94829369}.Debug|Any CPU.ActiveCfg = Debug|Any CPU
		{649C9BEA-7ED4-48F1-A61D-C4BF94829369}.Debug|Any CPU.Build.0 = Debug|Any CPU
		{649C9BEA-7ED4-48F1-A61D-C4BF94829369}.Release|Any CPU.ActiveCfg = Release|Any CPU
		{649C9BEA-7ED4-48F1-A61D-C4BF94829369}.Release|Any CPU.Build.0 = Release|Any CPU
		{1DAD68F3-5E00-4AF0-ADF6-662DB44B5707}.Debug|Any CPU.ActiveCfg = Debug|Any CPU
		{1DAD68F3-5E00-4AF0-ADF6-662DB44B5707}.Debug|Any CPU.Build.0 = Debug|Any CPU
		{1DAD68F3-5E00-4AF0-ADF6-662DB44B5707}.Release|Any CPU.ActiveCfg = Release|Any CPU
		{1DAD68F3-5E00-4AF0-ADF6-662DB44B5707}.Release|Any CPU.Build.0 = Release|Any CPU
	EndGlobalSection
	GlobalSection(SolutionProperties) = preSolution
		HideSolutionNode = FALSE
	EndGlobalSection
EndGlobal
